dependencies:
- name: postgresql
  repository: oci://registry-1.docker.io/bitnamicharts
  version: 16.4.9
- name: neo4j
  repository: https://helm.neo4j.com/neo4j
  version: 5.26.0
digest: sha256:921165dab5eba5b26ef67caf552431852bfe6f2542bed7836cfa2f09c65dbb4b
generated: "2026-07-07T22:51:22.291191+05:30"
